# THIS IS AN AUTOGENERATED FILE. DO NOT EDIT THIS FILE DIRECTLY.
# yarn lockfile v1


"@babel/code-frame@^7.0.0":
  version "7.0.0"
  resolved "https://registry.yarnpkg.com/@babel/code-frame/-/code-frame-7.0.0.tgz#06e2ab19bdb535385559aabb5ba59729482800f8"
  integrity sha512-OfC2uemaknXr87bdLUkWog7nYuliM9Ij5HUcajsVcMCpQrcLmtxRbVFTIqmcSkSeYRBFBRxs2FiUqFJDLdiebA==
  dependencies:
    "@babel/highlight" "^7.0.0"

"@babel/generator@^7.4.4":
  version "7.4.4"
  resolved "https://registry.yarnpkg.com/@babel/generator/-/generator-7.4.4.tgz#174a215eb843fc392c7edcaabeaa873de6e8f041"
  integrity sha512-53UOLK6TVNqKxf7RUh8NE851EHRxOOeVXKbK2bivdb+iziMyk03Sr4eaE9OELCbyZAAafAKPDwF2TPUES5QbxQ==
  dependencies:
    "@babel/types" "^7.4.4"
    jsesc "^2.5.1"
    lodash "^4.17.11"
    source-map "^0.5.0"
    trim-right "^1.0.1"

"@babel/helper-create-class-features-plugin@^7.4.4":
  version "7.4.4"
  resolved "https://registry.yarnpkg.com/@babel/helper-create-class-features-plugin/-/helper-create-class-features-plugin-7.4.4.tgz#fc3d690af6554cc9efc607364a82d48f58736dba"
  integrity sha512-UbBHIa2qeAGgyiNR9RszVF7bUHEdgS4JAUNT8SiqrAN6YJVxlOxeLr5pBzb5kan302dejJ9nla4RyKcR1XT6XA==
  dependencies:
    "@babel/helper-function-name" "^7.1.0"
    "@babel/helper-member-expression-to-functions" "^7.0.0"
    "@babel/helper-optimise-call-expression" "^7.0.0"
    "@babel/helper-plugin-utils" "^7.0.0"
    "@babel/helper-replace-supers" "^7.4.4"
    "@babel/helper-split-export-declaration" "^7.4.4"

"@babel/helper-function-name@^7.1.0":
  version "7.1.0"
  resolved "https://registry.yarnpkg.com/@babel/helper-function-name/-/helper-function-name-7.1.0.tgz#a0ceb01685f73355d4360c1247f582bfafc8ff53"
  integrity sha512-A95XEoCpb3TO+KZzJ4S/5uW5fNe26DjBGqf1o9ucyLyCmi1dXq/B3c8iaWTfBk3VvetUxl16e8tIrd5teOCfGw==
  dependencies:
    "@babel/helper-get-function-arity" "^7.0.0"
    "@babel/template" "^7.1.0"
    "@babel/types" "^7.0.0"

"@babel/helper-get-function-arity@^7.0.0":
  version "7.0.0"
  resolved "https://registry.yarnpkg.com/@babel/helper-get-function-arity/-/helper-get-function-arity-7.0.0.tgz#83572d4320e2a4657263734113c42868b64e49c3"
  integrity sha512-r2DbJeg4svYvt3HOS74U4eWKsUAMRH01Z1ds1zx8KNTPtpTL5JAsdFv8BNyOpVqdFhHkkRDIg5B4AsxmkjAlmQ==
  dependencies:
    "@babel/types" "^7.0.0"

"@babel/helper-member-expression-to-functions@^7.0.0":
  version "7.0.0"
  resolved "https://registry.yarnpkg.com/@babel/helper-member-expression-to-functions/-/helper-member-expression-to-functions-7.0.0.tgz#8cd14b0a0df7ff00f009e7d7a436945f47c7a16f"
  integrity sha512-avo+lm/QmZlv27Zsi0xEor2fKcqWG56D5ae9dzklpIaY7cQMK5N8VSpaNVPPagiqmy7LrEjK1IWdGMOqPu5csg==
  dependencies:
    "@babel/types" "^7.0.0"

"@babel/helper-optimise-call-expression@^7.0.0":
  version "7.0.0"
  resolved "https://registry.yarnpkg.com/@babel/helper-optimise-call-expression/-/helper-optimise-call-expression-7.0.0.tgz#a2920c5702b073c15de51106200aa8cad20497d5"
  integrity sha512-u8nd9NQePYNQV8iPWu/pLLYBqZBa4ZaY1YWRFMuxrid94wKI1QNt67NEZ7GAe5Kc/0LLScbim05xZFWkAdrj9g==
  dependencies:
    "@babel/types" "^7.0.0"

"@babel/helper-plugin-utils@^7.0.0":
  version "7.0.0"
  resolved "https://registry.yarnpkg.com/@babel/helper-plugin-utils/-/helper-plugin-utils-7.0.0.tgz#bbb3fbee98661c569034237cc03967ba99b4f250"
  integrity sha512-CYAOUCARwExnEixLdB6sDm2dIJ/YgEAKDM1MOeMeZu9Ld/bDgVo8aiWrXwcY7OBh+1Ea2uUcVRcxKk0GJvW7QA==

"@babel/helper-replace-supers@^7.4.4":
  version "7.4.4"
  resolved "https://registry.yarnpkg.com/@babel/helper-replace-supers/-/helper-replace-supers-7.4.4.tgz#aee41783ebe4f2d3ab3ae775e1cc6f1a90cefa27"
  integrity sha512-04xGEnd+s01nY1l15EuMS1rfKktNF+1CkKmHoErDppjAAZL+IUBZpzT748x262HF7fibaQPhbvWUl5HeSt1EXg==
  dependencies:
    "@babel/helper-member-expression-to-functions" "^7.0.0"
    "@babel/helper-optimise-call-expression" "^7.0.0"
    "@babel/traverse" "^7.4.4"
    "@babel/types" "^7.4.4"

"@babel/helper-split-export-declaration@^7.4.4":
  version "7.4.4"
  resolved "https://registry.yarnpkg.com/@babel/helper-split-export-declaration/-/helper-split-export-declaration-7.4.4.tgz#ff94894a340be78f53f06af038b205c49d993677"
  integrity sha512-Ro/XkzLf3JFITkW6b+hNxzZ1n5OQ80NvIUdmHspih1XAhtN3vPTuUFT4eQnela+2MaZ5ulH+iyP513KJrxbN7Q==
  dependencies:
    "@babel/types" "^7.4.4"

"@babel/highlight@^7.0.0":
  version "7.0.0"
  resolved "https://registry.yarnpkg.com/@babel/highlight/-/highlight-7.0.0.tgz#f710c38c8d458e6dd9a201afb637fcb781ce99e4"
  integrity sha512-UFMC4ZeFC48Tpvj7C8UgLvtkaUuovQX+5xNWrsIoMG8o2z+XFKjKaN9iVmS84dPwVN00W4wPmqvYoZF3EGAsfw==
  dependencies:
    chalk "^2.0.0"
    esutils "^2.0.2"
    js-tokens "^4.0.0"

"@babel/parser@^7.4.4", "@babel/parser@^7.4.5":
  version "7.4.5"
  resolved "https://registry.yarnpkg.com/@babel/parser/-/parser-7.4.5.tgz#04af8d5d5a2b044a2a1bffacc1e5e6673544e872"
  integrity sha512-9mUqkL1FF5T7f0WDFfAoDdiMVPWsdD1gZYzSnaXsxUCUqzuch/8of9G3VUSNiZmMBoRxT3neyVsqeiL/ZPcjew==

"@babel/plugin-proposal-class-properties@^7.4.4":
  version "7.4.4"
  resolved "https://registry.yarnpkg.com/@babel/plugin-proposal-class-properties/-/plugin-proposal-class-properties-7.4.4.tgz#93a6486eed86d53452ab9bab35e368e9461198ce"
  integrity sha512-WjKTI8g8d5w1Bc9zgwSz2nfrsNQsXcCf9J9cdCvrJV6RF56yztwm4TmJC0MgJ9tvwO9gUA/mcYe89bLdGfiXFg==
  dependencies:
    "@babel/helper-create-class-features-plugin" "^7.4.4"
    "@babel/helper-plugin-utils" "^7.0.0"

"@babel/plugin-proposal-object-rest-spread@^7.4.4":
  version "7.4.4"
  resolved "https://registry.yarnpkg.com/@babel/plugin-proposal-object-rest-spread/-/plugin-proposal-object-rest-spread-7.4.4.tgz#1ef173fcf24b3e2df92a678f027673b55e7e3005"
  integrity sha512-dMBG6cSPBbHeEBdFXeQ2QLc5gUpg4Vkaz8octD4aoW/ISO+jBOcsuxYL7bsb5WSu8RLP6boxrBIALEHgoHtO9g==
  dependencies:
    "@babel/helper-plugin-utils" "^7.0.0"
    "@babel/plugin-syntax-object-rest-spread" "^7.2.0"

"@babel/plugin-syntax-object-rest-spread@^7.2.0":
  version "7.2.0"
  resolved "https://registry.yarnpkg.com/@babel/plugin-syntax-object-rest-spread/-/plugin-syntax-object-rest-spread-7.2.0.tgz#3b7a3e733510c57e820b9142a6579ac8b0dfad2e"
  integrity sha512-t0JKGgqk2We+9may3t0xDdmneaXmyxq0xieYcKHxIsrJO64n1OiMWNUtc5gQK1PA0NpdCRrtZp4z+IUaKugrSA==
  dependencies:
    "@babel/helper-plugin-utils" "^7.0.0"

"@babel/plugin-syntax-typescript@^7.2.0":
  version "7.3.3"
  resolved "https://registry.yarnpkg.com/@babel/plugin-syntax-typescript/-/plugin-syntax-typescript-7.3.3.tgz#a7cc3f66119a9f7ebe2de5383cce193473d65991"
  integrity sha512-dGwbSMA1YhVS8+31CnPR7LB4pcbrzcV99wQzby4uAfrkZPYZlQ7ImwdpzLqi6Z6IL02b8IAL379CaMwo0x5Lag==
  dependencies:
    "@babel/helper-plugin-utils" "^7.0.0"

"@babel/plugin-transform-typescript@^7.3.2":
  version "7.4.5"
  resolved "https://registry.yarnpkg.com/@babel/plugin-transform-typescript/-/plugin-transform-typescript-7.4.5.tgz#ab3351ba35307b79981993536c93ff8be050ba28"
  integrity sha512-RPB/YeGr4ZrFKNwfuQRlMf2lxoCUaU01MTw39/OFE/RiL8HDjtn68BwEPft1P7JN4akyEmjGWAMNldOV7o9V2g==
  dependencies:
    "@babel/helper-plugin-utils" "^7.0.0"
    "@babel/plugin-syntax-typescript" "^7.2.0"

"@babel/preset-typescript@^7.3.3":
  version "7.3.3"
  resolved "https://registry.yarnpkg.com/@babel/preset-typescript/-/preset-typescript-7.3.3.tgz#88669911053fa16b2b276ea2ede2ca603b3f307a"
  integrity sha512-mzMVuIP4lqtn4du2ynEfdO0+RYcslwrZiJHXu4MGaC1ctJiW2fyaeDrtjJGs7R/KebZ1sgowcIoWf4uRpEfKEg==
  dependencies:
    "@babel/helper-plugin-utils" "^7.0.0"
    "@babel/plugin-transform-typescript" "^7.3.2"

"@babel/template@^7.1.0":
  version "7.4.4"
  resolved "https://registry.yarnpkg.com/@babel/template/-/template-7.4.4.tgz#f4b88d1225689a08f5bc3a17483545be9e4ed237"
  integrity sha512-CiGzLN9KgAvgZsnivND7rkA+AeJ9JB0ciPOD4U59GKbQP2iQl+olF1l76kJOupqidozfZ32ghwBEJDhnk9MEcw==
  dependencies:
    "@babel/code-frame" "^7.0.0"
    "@babel/parser" "^7.4.4"
    "@babel/types" "^7.4.4"

"@babel/traverse@^7.4.4":
  version "7.4.5"
  resolved "https://registry.yarnpkg.com/@babel/traverse/-/traverse-7.4.5.tgz#4e92d1728fd2f1897dafdd321efbff92156c3216"
  integrity sha512-Vc+qjynwkjRmIFGxy0KYoPj4FdVDxLej89kMHFsWScq999uX+pwcX4v9mWRjW0KcAYTPAuVQl2LKP1wEVLsp+A==
  dependencies:
    "@babel/code-frame" "^7.0.0"
    "@babel/generator" "^7.4.4"
    "@babel/helper-function-name" "^7.1.0"
    "@babel/helper-split-export-declaration" "^7.4.4"
    "@babel/parser" "^7.4.5"
    "@babel/types" "^7.4.4"
    debug "^4.1.0"
    globals "^11.1.0"
    lodash "^4.17.11"

"@babel/types@^7.0.0", "@babel/types@^7.4.4":
  version "7.4.4"
  resolved "https://registry.yarnpkg.com/@babel/types/-/types-7.4.4.tgz#8db9e9a629bb7c29370009b4b779ed93fe57d5f0"
  integrity sha512-dOllgYdnEFOebhkKCjzSVFqw/PmmB8pH6RGOWkY4GsboQNd47b1fBThBSwlHAq9alF9vc1M3+6oqR47R50L0tQ==
  dependencies:
    esutils "^2.0.2"
    lodash "^4.17.11"
    to-fast-properties "^2.0.0"

"@types/prop-types@*":
  version "15.7.1"
  resolved "https://registry.yarnpkg.com/@types/prop-types/-/prop-types-15.7.1.tgz#f1a11e7babb0c3cad68100be381d1e064c68f1f6"
  integrity sha512-CFzn9idOEpHrgdw8JsoTkaDDyRWk1jrzIV8djzcgpq0y9tG4B4lFT+Nxh52DVpDXV+n4+NPNv7M1Dj5uMp6XFg==

"@types/react@^16.8.19":
  version "16.8.19"
  resolved "https://registry.yarnpkg.com/@types/react/-/react-16.8.19.tgz#629154ef05e2e1985cdde94477deefd823ad9be3"
  integrity sha512-QzEzjrd1zFzY9cDlbIiFvdr+YUmefuuRYrPxmkwG0UQv5XF35gFIi7a95m1bNVcFU0VimxSZ5QVGSiBmlggQXQ==
  dependencies:
    "@types/prop-types" "*"
    csstype "^2.2.0"

ansi-styles@^3.2.1:
  version "3.2.1"
  resolved "https://registry.yarnpkg.com/ansi-styles/-/ansi-styles-3.2.1.tgz#41fbb20243e50b12be0f04b8dedbf07520ce841d"
  integrity sha512-VT0ZI6kZRdTh8YyJw3SMbYm/u+NqfsAxEpWO0Pf9sq8/e94WxxOpPKx9FR1FlyCtOVDNOQ+8ntlqFxiRc+r5qA==
  dependencies:
    color-convert "^1.9.0"

chalk@^2.0.0:
  version "2.4.2"
  resolved "https://registry.yarnpkg.com/chalk/-/chalk-2.4.2.tgz#cd42541677a54333cf541a49108c1432b44c9424"
  integrity sha512-Mti+f9lpJNcwF4tWV8/OrTTtF1gZi+f8FqlyAdouralcFWFQWF2+NgCHShjkCb+IFBLq9buZwE1xckQU4peSuQ==
  dependencies:
    ansi-styles "^3.2.1"
    escape-string-regexp "^1.0.5"
    supports-color "^5.3.0"

color-convert@^1.9.0:
  version "1.9.3"
  resolved "https://registry.yarnpkg.com/color-convert/-/color-convert-1.9.3.tgz#bb71850690e1f136567de629d2d5471deda4c1e8"
  integrity sha512-QfAUtd+vFdAtFQcC8CCyYt1fYWxSqAiK2cSD6zDB8N3cpsEBAvRxp9zOGg6G/SHHJYAT88/az/IuDGALsNVbGg==
  dependencies:
    color-name "1.1.3"

color-name@1.1.3:
  version "1.1.3"
  resolved "https://registry.yarnpkg.com/color-name/-/color-name-1.1.3.tgz#a7d0558bd89c42f795dd42328f740831ca53bc25"
  integrity sha1-p9BVi9icQveV3UIyj3QIMcpTvCU=

csstype@^2.2.0:
  version "2.6.5"
  resolved "https://registry.yarnpkg.com/csstype/-/csstype-2.6.5.tgz#1cd1dff742ebf4d7c991470ae71e12bb6751e034"
  integrity sha512-JsTaiksRsel5n7XwqPAfB0l3TFKdpjW/kgAELf9vrb5adGA7UCPLajKK5s3nFrcFm3Rkyp/Qkgl73ENc1UY3cA==

debug@^4.1.0:
  version "4.1.1"
  resolved "https://registry.yarnpkg.com/debug/-/debug-4.1.1.tgz#3b72260255109c6b589cee050f1d516139664791"
  integrity sha512-pYAIzeRo8J6KPEaJ0VWOh5Pzkbw/RetuzehGM7QRRX5he4fPHx2rdKMB256ehJCkX+XRQm16eZLqLNS8RSZXZw==
  dependencies:
    ms "^2.1.1"

escape-string-regexp@^1.0.5:
  version "1.0.5"
  resolved "https://registry.yarnpkg.com/escape-string-regexp/-/escape-string-regexp-1.0.5.tgz#1b61c0562190a8dff6ae3bb2cf0200ca130b86d4"
  integrity sha1-G2HAViGQqN/2rjuyzwIAyhMLhtQ=

esutils@^2.0.2:
  version "2.0.2"
  resolved "https://registry.yarnpkg.com/esutils/-/esutils-2.0.2.tgz#0abf4f1caa5bcb1f7a9d8acc6dea4faaa04bac9b"
  integrity sha1-Cr9PHKpbyx96nYrMbepPqqBLrJs=

globals@^11.1.0:
  version "11.12.0"
  resolved "https://registry.yarnpkg.com/globals/-/globals-11.12.0.tgz#ab8795338868a0babd8525758018c2a7eb95c42e"
  integrity sha512-WOBp/EEGUiIsJSp7wcv/y6MO+lV9UoncWqxuFfm8eBwzWNgyfBd6Gz+IeKQ9jCmyhoH99g15M3T+QaVHFjizVA==

has-flag@^3.0.0:
  version "3.0.0"
  resolved "https://registry.yarnpkg.com/has-flag/-/has-flag-3.0.0.tgz#b5d454dc2199ae225699f3467e5a07f3b955bafd"
  integrity sha1-tdRU3CGZriJWmfNGfloH87lVuv0=

"js-tokens@^3.0.0 || ^4.0.0", js-tokens@^4.0.0:
  version "4.0.0"
  resolved "https://registry.yarnpkg.com/js-tokens/-/js-tokens-4.0.0.tgz#19203fb59991df98e3a287050d4647cdeaf32499"
  integrity sha512-RdJUflcE3cUzKiMqQgsCu06FPu9UdIJO0beYbPhHN4k6apgJtifcoCtT9bcxOpYBtpD2kCM6Sbzg4CausW/PKQ==

jsesc@^2.5.1:
  version "2.5.2"
  resolved "https://registry.yarnpkg.com/jsesc/-/jsesc-2.5.2.tgz#80564d2e483dacf6e8ef209650a67df3f0c283a4"
  integrity sha512-OYu7XEzjkCQ3C5Ps3QIZsQfNpqoJyZZA99wd9aWd05NCtC5pWOkShK2mkL6HXQR6/Cy2lbNdPlZBpuQHXE63gA==

jsqr@^1.2.0:
  version "1.2.0"
  resolved "https://registry.yarnpkg.com/jsqr/-/jsqr-1.2.0.tgz#f93fc65fa7d1ded78b1bcb020fa044352b04261a"
  integrity sha512-wKcQS9QC2VHGk7aphWCp1RrFyC0CM6fMgC5prZZ2KV/Lk6OKNoCod9IR6bao+yx3KPY0gZFC5dc+h+KFzCI0Wg==

lodash@^4.17.11:
  version "4.17.11"
  resolved "https://registry.yarnpkg.com/lodash/-/lodash-4.17.11.tgz#b39ea6229ef607ecd89e2c8df12536891cac9b8d"
  integrity sha512-cQKh8igo5QUhZ7lg38DYWAxMvjSAKG0A8wGSVimP07SIUEK2UO+arSRKbRZWtelMtN5V0Hkwh5ryOto/SshYIg==

loose-envify@^1.4.0:
  version "1.4.0"
  resolved "https://registry.yarnpkg.com/loose-envify/-/loose-envify-1.4.0.tgz#71ee51fa7be4caec1a63839f7e682d8132d30caf"
  integrity sha512-lyuxPGr/Wfhrlem2CL/UcnUc1zcqKAImBDzukY7Y5F/yQiNdko6+fRLevlw1HgMySw7f611UIY408EtxRSoK3Q==
  dependencies:
    js-tokens "^3.0.0 || ^4.0.0"

ms@^2.1.1:
  version "2.1.1"
  resolved "https://registry.yarnpkg.com/ms/-/ms-2.1.1.tgz#30a5864eb3ebb0a66f2ebe6d727af06a09d86e0a"
  integrity sha512-tgp+dl5cGk28utYktBsrFqA7HKgrhgPsg6Z/EfhWI4gl1Hwq8B/GmY/0oXZ6nF8hDVesS/FpnYaD/kOWhYQvyg==

object-assign@^4.1.1:
  version "4.1.1"
  resolved "https://registry.yarnpkg.com/object-assign/-/object-assign-4.1.1.tgz#2109adc7965887cfc05cbbd442cac8bfbb360863"
  integrity sha1-IQmtx5ZYh8/AXLvUQsrIv7s2CGM=

prop-types@^15.6.0, prop-types@^15.7.2:
  version "15.7.2"
  resolved "https://registry.yarnpkg.com/prop-types/-/prop-types-15.7.2.tgz#52c41e75b8c87e72b9d9360e0206b99dcbffa6c5"
  integrity sha512-8QQikdH7//R2vurIJSutZ1smHYTcLpRWEOlHnzcWHmBYrOGUysKwSsrC89BCiFj3CbrfJ/nXFdJepOVrY1GCHQ==
  dependencies:
    loose-envify "^1.4.0"
    object-assign "^4.1.1"
    react-is "^16.8.1"

qr.js@0.0.0:
  version "0.0.0"
  resolved "https://registry.yarnpkg.com/qr.js/-/qr.js-0.0.0.tgz#cace86386f59a0db8050fa90d9b6b0e88a1e364f"
  integrity sha1-ys6GOG9ZoNuAUPqQ2baw6IoeNk8=

qrcode.react@^0.9.3:
  version "0.9.3"
  resolved "https://registry.yarnpkg.com/qrcode.react/-/qrcode.react-0.9.3.tgz#91de1287912bdc5ccfb3b091737b828d6ced60c5"
  integrity sha512-gGd30Ez7cmrKxyN2M3nueaNLk/f9J7NDRgaD5fVgxGpPLsYGWMn9UQ+XnDpv95cfszTQTdaf4QGLNMf3xU0hmw==
  dependencies:
    prop-types "^15.6.0"
    qr.js "0.0.0"

react-is@^16.8.1:
  version "16.8.6"
  resolved "https://registry.yarnpkg.com/react-is/-/react-is-16.8.6.tgz#5bbc1e2d29141c9fbdfed456343fe2bc430a6a16"
  integrity sha512-aUk3bHfZ2bRSVFFbbeVS4i+lNPZr3/WM5jT2J5omUVV1zzcs1nAaf3l51ctA5FFvCRbhrH0bdAsRRQddFJZPtA==

react-qr-reader@^2.2.1:
  version "2.2.1"
  resolved "https://registry.yarnpkg.com/react-qr-reader/-/react-qr-reader-2.2.1.tgz#dc89046d1c1a1da837a683dd970de5926817d55b"
  integrity sha512-EL5JEj53u2yAOgtpAKAVBzD/SiKWn0Bl7AZy6ZrSf1lub7xHwtaXe6XSx36Wbhl1VMGmvmrwYMRwO1aSCT2fwA==
  dependencies:
    jsqr "^1.2.0"
    prop-types "^15.7.2"
    webrtc-adapter "^7.2.1"

rtcpeerconnection-shim@^1.2.15:
  version "1.2.15"
  resolved "https://registry.yarnpkg.com/rtcpeerconnection-shim/-/rtcpeerconnection-shim-1.2.15.tgz#e7cc189a81b435324c4949aa3dfb51888684b243"
  integrity sha512-C6DxhXt7bssQ1nHb154lqeL0SXz5Dx4RczXZu2Aa/L1NJFnEVDxFwCBo3fqtuljhHIGceg5JKBV4XJ0gW5JKyw==
  dependencies:
    sdp "^2.6.0"

sdp@^2.6.0, sdp@^2.9.0:
  version "2.9.0"
  resolved "https://registry.yarnpkg.com/sdp/-/sdp-2.9.0.tgz#2eed2d9c0b26c81ff87593107895c68d6fb9a0a6"
  integrity sha512-XAVZQO4qsfzVTHorF49zCpkdxiGmPNjA8ps8RcJGtGP3QJ/A8I9/SVg/QnkAFDMXIyGbHZBBFwYBw6WdnhT96w==

source-map@^0.5.0:
  version "0.5.7"
  resolved "https://registry.yarnpkg.com/source-map/-/source-map-0.5.7.tgz#8a039d2d1021d22d1ea14c80d8ea468ba2ef3fcc"
  integrity sha1-igOdLRAh0i0eoUyA2OpGi6LvP8w=

supports-color@^5.3.0:
  version "5.5.0"
  resolved "https://registry.yarnpkg.com/supports-color/-/supports-color-5.5.0.tgz#e2e69a44ac8772f78a1ec0b35b689df6530efc8f"
  integrity sha512-QjVjwdXIt408MIiAqCX4oUKsgU2EqAGzs2Ppkm4aQYbjm+ZEWEcW4SfFNTr4uMNZma0ey4f5lgLrkB0aX0QMow==
  dependencies:
    has-flag "^3.0.0"

to-fast-properties@^2.0.0:
  version "2.0.0"
  resolved "https://registry.yarnpkg.com/to-fast-properties/-/to-fast-properties-2.0.0.tgz#dc5e698cbd079265bc73e0377681a4e4e83f616e"
  integrity sha1-3F5pjL0HkmW8c+A3doGk5Og/YW4=

trim-right@^1.0.1:
  version "1.0.1"
  resolved "https://registry.yarnpkg.com/trim-right/-/trim-right-1.0.1.tgz#cb2e1203067e0c8de1f614094b9fe45704ea6003"
  integrity sha1-yy4SAwZ+DI3h9hQJS5/kVwTqYAM=

webrtc-adapter@^7.2.1:
  version "7.2.3"
  resolved "https://registry.yarnpkg.com/webrtc-adapter/-/webrtc-adapter-7.2.3.tgz#2b9b60cf34a6d2a38d247fd1d9a6c495aed85a02"
  integrity sha512-n3K+0qTlb59mTpgVTiXcT1ute+oIpLij24CfEMr3BL1OqXYR96NGNJEm8XN7O5WliOPTHcoAJsbT8DGAEN5pGQ==
  dependencies:
    rtcpeerconnection-shim "^1.2.15"
    sdp "^2.9.0"
